
Microsoft Visual Studio Solution File, Format Version 12.00
# Visual Studio Version 17
VisualStudioVersion = 17.5.002.0
MinimumVisualStudioVersion = 10.0.40219.1
Project("{9A19103F-16F7-4668-BE54-9A1E7A4F7556}") = "ProjectZ", "ProjectZ\ProjectZ.csproj", "{CC22E9DB-5937-4879-A912-D79E4D639D76}"
EndProject
Global
	GlobalSection(SolutionConfigurationPlatforms) = preSolution
		Debug|Any CPU = Debug|Any CPU
		Release|Any CPU = Release|Any CPU
	EndGlobalSection
	GlobalSection(ProjectConfigurationPlatforms) = postSolution
		{CC22E9DB-5937-4879-A912-D79E4D639D76}.Debug|Any CPU.ActiveCfg = Debug|Any CPU
		{CC22E9DB-5937-4879-A912-D79E4D639D76}.Debug|Any CPU.Build.0 = Debug|Any CPU
		{CC22E9DB-5937-4879-A912-D79E4D639D76}.Release|Any CPU.ActiveCfg = Release|Any CPU
		{CC22E9DB-5937-4879-A912-D79E4D639D76}.Release|Any CPU.Build.0 = Release|Any CPU
	EndGlobalSection
	GlobalSection(SolutionProperties) = preSolution
		HideSolutionNode = FALSE
	EndGlobalSection
	GlobalSection(ExtensibilityGlobals) = postSolution
		SolutionGuid = {A2F64583-A9E9-4BF2-A90D-F3251BF43AD9}
	EndGlobalSection
EndGlobal
